
Microsoft Visual Studio Solution File, Format Version 12.00
# Visual Studio Version 16
VisualStudioVersion = 16.0.30011.22
MinimumVisualStudioVersion = 10.0.40219.1
Project("{8BC9CEB8-8B4A-11D0-8D11-00A0C91BC942}") = "MemoryAllocator", "MemoryAllocator\MemoryAllocator.vcxproj", "{09ABD3C6-17C7-4D24-822D-E66EC90E79AA}"
EndProject
Project("{8BC9CEB8-8B4A-11D0-8D11-00A0C91BC942}") = "DoublePendulum", "DoublePendulum\DoublePendulum.vcxproj", "{6B160867-5D61-453C-A4EE-48C19A8F98FB}"
EndProject
Project("{8BC9CEB8-8B4A-11D0-8D11-00A0C91BC942}") = "TextEditor", "TextEditor\TextEditor.vcxproj", "{B36D2BC5-D084-480C-865A-9102B95CEEB5}"
EndProject
Project("{2150E333-8FDC-42A3-9474-1A3956D46DE8}") = "Solution Items", "Solution Items", "{71EB5B4A-8831-4592-8D9E-F20B3C4A6C14}"
	ProjectSection(SolutionItems) = preProject
		.gitattributes = .gitattributes
		.gitignore = .gitignore
		README.md = README.md
	EndProjectSection
EndProject
Project("{8BC9CEB8-8B4A-11D0-8D11-00A0C91BC942}") = "Chess", "Chess\Chess.vcxproj", "{A4B0E1D7-9374-4E84-8D42-F0B61940AC1E}"
EndProject
Project("{8BC9CEB8-8B4A-11D0-8D11-00A0C91BC942}") = "Tic-Tac-Toe", "Tic-Tac-Toe\Tic-Tac-Toe.vcxproj", "{6CB816DF-03AE-4180-9732-D335EAB38AD9}"
EndProject
Project("{8BC9CEB8-8B4A-11D0-8D11-00A0C91BC942}") = "RandNumPiAprox", "RandNumPiAprox\RandNumPiAprox.vcxproj", "{D4706C17-1E2E-4CFC-AC7A-12388FE01C2D}"
EndProject
Project("{8BC9CEB8-8B4A-11D0-8D11-00A0C91BC942}") = "WorldAndCamera", "WorldAndCamera\WorldAndCamera.vcxproj", "{35BFA91A-E867-41B5-ACB6-295E9EDC50AB}"
EndProject
Global
	GlobalSection(SolutionConfigurationPlatforms) = preSolution
		Debug|x64 = Debug|x64
		Debug|x86 = Debug|x86
		Release|x64 = Release|x64
		Release|x86 = Release|x86
	EndGlobalSection
	GlobalSection(ProjectConfigurationPlatforms) = postSolution
		{09ABD3C6-17C7-4D24-822D-E66EC90E79AA}.Debug|x64.ActiveCfg = Debug|x64
		{09ABD3C6-17C7-4D24-822D-E66EC90E79AA}.Debug|x64.Build.0 = Debug|x64
		{09ABD3C6-17C7-4D24-822D-E66EC90E79AA}.Debug|x86.ActiveCfg = Debug|Win32
		{09ABD3C6-17C7-4D24-822D-E66EC90E79AA}.Debug|x86.Build.0 = Debug|Win32
		{09ABD3C6-17C7-4D24-822D-E66EC90E79AA}.Release|x64.ActiveCfg = Release|x64
		{09ABD3C6-17C7-4D24-822D-E66EC90E79AA}.Release|x64.Build.0 = Release|x64
		{09ABD3C6-17C7-4D24-822D-E66EC90E79AA}.Release|x86.ActiveCfg = Release|Win32
		{09ABD3C6-17C7-4D24-822D-E66EC90E79AA}.Release|x86.Build.0 = Release|Win32
		{6B160867-5D61-453C-A4EE-48C19A8F98FB}.Debug|x64.ActiveCfg = Debug|x64
		{6B160867-5D61-453C-A4EE-48C19A8F98FB}.Debug|x64.Build.0 = Debug|x64
		{6B160867-5D61-453C-A4EE-48C19A8F98FB}.Debug|x86.ActiveCfg = Debug|Win32
		{6B160867-5D61-453C-A4EE-48C19A8F98FB}.Debug|x86.Build.0 = Debug|Win32
		{6B160867-5D61-453C-A4EE-48C19A8F98FB}.Release|x64.ActiveCfg = Release|x64
		{6B160867-5D61-453C-A4EE-48C19A8F98FB}.Release|x64.Build.0 = Release|x64
		{6B160867-5D61-453C-A4EE-48C19A8F98FB}.Release|x86.ActiveCfg = Release|Win32
		{6B160867-5D61-453C-A4EE-48C19A8F98FB}.Release|x86.Build.0 = Release|Win32
		{B36D2BC5-D084-480C-865A-9102B95CEEB5}.Debug|x64.ActiveCfg = Debug|x64
		{B36D2BC5-D084-480C-865A-9102B95CEEB5}.Debug|x64.Build.0 = Debug|x64
		{B36D2BC5-D084-480C-865A-9102B95CEEB5}.Debug|x86.ActiveCfg = Debug|Win32
		{B36D2BC5-D084-480C-865A-9102B95CEEB5}.Debug|x86.Build.0 = Debug|Win32
		{B36D2BC5-D084-480C-865A-9102B95CEEB5}.Release|x64.ActiveCfg = Release|x64
		{B36D2BC5-D084-480C-865A-9102B95CEEB5}.Release|x64.Build.0 = Release|x64
		{B36D2BC5-D084-480C-865A-9102B95CEEB5}.Release|x86.ActiveCfg = Release|Win32
		{B36D2BC5-D084-480C-865A-9102B95CEEB5}.Release|x86.Build.0 = Release|Win32
		{A4B0E1D7-9374-4E84-8D42-F0B61940AC1E}.Debug|x64.ActiveCfg = Debug|x64
		{A4B0E1D7-9374-4E84-8D42-F0B61940AC1E}.Debug|x64.Build.0 = Debug|x64
		{A4B0E1D7-9374-4E84-8D42-F0B61940AC1E}.Debug|x86.ActiveCfg = Debug|Win32
		{A4B0E1D7-9374-4E84-8D42-F0B61940AC1E}.Debug|x86.Build.0 = Debug|Win32
		{A4B0E1D7-9374-4E84-8D42-F0B61940AC1E}.Release|x64.ActiveCfg = Release|x64
		{A4B0E1D7-9374-4E84-8D42-F0B61940AC1E}.Release|x64.Build.0 = Release|x64
		{A4B0E1D7-9374-4E84-8D42-F0B61940AC1E}.Release|x86.ActiveCfg = Release|Win32
		{A4B0E1D7-9374-4E84-8D42-F0B61940AC1E}.Release|x86.Build.0 = Release|Win32
		{6CB816DF-03AE-4180-9732-D335EAB38AD9}.Debug|x64.ActiveCfg = Debug|x64
		{6CB816DF-03AE-4180-9732-D335EAB38AD9}.Debug|x64.Build.0 = Debug|x64
		{6CB816DF-03AE-4180-9732-D335EAB38AD9}.Debug|x86.ActiveCfg = Debug|Win32
		{6CB816DF-03AE-4180-9732-D335EAB38AD9}.Debug|x86.Build.0 = Debug|Win32
		{6CB816DF-03AE-4180-9732-D335EAB38AD9}.Release|x64.ActiveCfg = Release|x64
		{6CB816DF-03AE-4180-9732-D335EAB38AD9}.Release|x64.Build.0 = Release|x64
		{6CB816DF-03AE-4180-9732-D335EAB38AD9}.Release|x86.ActiveCfg = Release|Win32
		{6CB816DF-03AE-4180-9732-D335EAB38AD9}.Release|x86.Build.0 = Release|Win32
		{D4706C17-1E2E-4CFC-AC7A-12388FE01C2D}.Debug|x64.ActiveCfg = Debug|x64
		{D4706C17-1E2E-4CFC-AC7A-12388FE01C2D}.Debug|x64.Build.0 = Debug|x64
		{D4706C17-1E2E-4CFC-AC7A-12388FE01C2D}.Debug|x86.ActiveCfg = Debug|Win32
		{D4706C17-1E2E-4CFC-AC7A-12388FE01C2D}.Debug|x86.Build.0 = Debug|Win32
		{D4706C17-1E2E-4CFC-AC7A-12388FE01C2D}.Release|x64.ActiveCfg = Release|x64
		{D4706C17-1E2E-4CFC-AC7A-12388FE01C2D}.Release|x64.Build.0 = Release|x64
		{D4706C17-1E2E-4CFC-AC7A-12388FE01C2D}.Release|x86.ActiveCfg = Release|Win32
		{D4706C17-1E2E-4CFC-AC7A-12388FE01C2D}.Release|x86.Build.0 = Release|Win32
		{35BFA91A-E867-41B5-ACB6-295E9EDC50AB}.Debug|x64.ActiveCfg = Debug|x64
		{35BFA91A-E867-41B5-ACB6-295E9EDC50AB}.Debug|x64.Build.0 = Debug|x64
		{35BFA91A-E867-41B5-ACB6-295E9EDC50AB}.Debug|x86.ActiveCfg = Debug|Win32
		{35BFA91A-E867-41B5-ACB6-295E9EDC50AB}.Debug|x86.Build.0 = Debug|Win32
		{35BFA91A-E867-41B5-ACB6-295E9EDC50AB}.Release|x64.ActiveCfg = Release|x64
		{35BFA91A-E867-41B5-ACB6-295E9EDC50AB}.Release|x64.Build.0 = Release|x64
		{35BFA91A-E867-41B5-ACB6-295E9EDC50AB}.Release|x86.ActiveCfg = Release|Win32
		{35BFA91A-E867-41B5-ACB6-295E9EDC50AB}.Release|x86.Build.0 = Release|Win32
	EndGlobalSection
	GlobalSection(SolutionProperties) = preSolution
		HideSolutionNode = FALSE
	EndGlobalSection
	GlobalSection(ExtensibilityGlobals) = postSolution
		SolutionGuid = {EEC9C207-E46B-49B4-9D78-DF3BE04E6D07}
	EndGlobalSection
EndGlobal
